
Microsoft Visual Studio Solution File, Format Version 12.00
# Visual Studio Version 17
VisualStudioVersion = 17.7.34024.191
MinimumVisualStudioVersion = 10.0.40219.1
Project("{FAE04EC0-301F-11D3-BF4B-00C04F79EFBC}") = "InstradamentoCentralizzato", "InstradamentoCentralizzato\InstradamentoCentralizzato.csproj", "{C2BAAD71-FE29-479E-A64D-B8A5E0993C92}"
EndProject
Global
	GlobalSection(SolutionConfigurationPlatforms) = preSolution
		Debug|Any CPU = Debug|Any CPU
		Release|Any CPU = Release|Any CPU
	EndGlobalSection
	GlobalSection(ProjectConfigurationPlatforms) = postSolution
		{C2BAAD71-FE29-479E-A64D-B8A5E0993C92}.Debug|Any CPU.ActiveCfg = Debug|Any CPU
		{C2BAAD71-FE29-479E-A64D-B8A5E0993C92}.Debug|Any CPU.Build.0 = Debug|Any CPU
		{C2BAAD71-FE29-479E-A64D-B8A5E0993C92}.Release|Any CPU.ActiveCfg = Release|Any CPU
		{C2BAAD71-FE29-479E-A64D-B8A5E0993C92}.Release|Any CPU.Build.0 = Release|Any CPU
	EndGlobalSection
	GlobalSection(SolutionProperties) = preSolution
		HideSolutionNode = FALSE
	EndGlobalSection
	GlobalSection(ExtensibilityGlobals) = postSolution
		SolutionGuid = {E3B98446-C9EF-4BBF-B797-57C3B0EE0ECF}
	EndGlobalSection
EndGlobal
